
Microsoft Visual Studio Solution File, Format Version 12.00
# Visual Studio Version 16
VisualStudioVersion = 16.0.30114.105
MinimumVisualStudioVersion = 10.0.40219.1
Project("{FAE04EC0-301F-11D3-BF4B-00C04F79EFBC}") = "Api", "Api\Api.csproj", "{6DB28C0D-EFDF-4C46-912F-7DEFCB36FD8D}"
EndProject
Project("{FAE04EC0-301F-11D3-BF4B-00C04F79EFBC}") = "Logic", "Logic\Logic.csproj", "{30612B55-FCCF-474D-843B-AFCF4EAE02B9}"
EndProject
Global
	GlobalSection(SolutionConfigurationPlatforms) = preSolution
		Debug|Any CPU = Debug|Any CPU
		Release|Any CPU = Release|Any CPU
	EndGlobalSection
	GlobalSection(ProjectConfigurationPlatforms) = postSolution
		{6DB28C0D-EFDF-4C46-912F-7DEFCB36FD8D}.Debug|Any CPU.ActiveCfg = Debug|Any CPU
		{6DB28C0D-EFDF-4C46-912F-7DEFCB36FD8D}.Debug|Any CPU.Build.0 = Debug|Any CPU
		{6DB28C0D-EFDF-4C46-912F-7DEFCB36FD8D}.Release|Any CPU.ActiveCfg = Release|Any CPU
		{6DB28C0D-EFDF-4C46-912F-7DEFCB36FD8D}.Release|Any CPU.Build.0 = Release|Any CPU
		{30612B55-FCCF-474D-843B-AFCF4EAE02B9}.Debug|Any CPU.ActiveCfg = Debug|Any CPU
		{30612B55-FCCF-474D-843B-AFCF4EAE02B9}.Debug|Any CPU.Build.0 = Debug|Any CPU
		{30612B55-FCCF-474D-843B-AFCF4EAE02B9}.Release|Any CPU.ActiveCfg = Release|Any CPU
		{30612B55-FCCF-474D-843B-AFCF4EAE02B9}.Release|Any CPU.Build.0 = Release|Any CPU
	EndGlobalSection
	GlobalSection(SolutionProperties) = preSolution
		HideSolutionNode = FALSE
	EndGlobalSection
	GlobalSection(ExtensibilityGlobals) = postSolution
		SolutionGuid = {AC0ED58C-AEDB-42D4-9684-EB412B99452C}
	EndGlobalSection
EndGlobal
